
Microsoft Visual Studio Solution File, Format Version 12.00
# Visual Studio Version 16
VisualStudioVersion = 16.0.31205.134
MinimumVisualStudioVersion = 10.0.40219.1
Project("{FAE04EC0-301F-11D3-BF4B-00C04F79EFBC}") = "NFS.Unpacker", "NFS.Unpacker\NFS.Unpacker.csproj", "{60EE279F-BB22-4685-A5C1-538AF7160D41}"
EndProject
Global
	GlobalSection(SolutionConfigurationPlatforms) = preSolution
		Debug|Any CPU = Debug|Any CPU
		Release|Any CPU = Release|Any CPU
	EndGlobalSection
	GlobalSection(ProjectConfigurationPlatforms) = postSolution
		{60EE279F-BB22-4685-A5C1-538AF7160D41}.Debug|Any CPU.ActiveCfg = Debug|Any CPU
		{60EE279F-BB22-4685-A5C1-538AF7160D41}.Debug|Any CPU.Build.0 = Debug|Any CPU
		{60EE279F-BB22-4685-A5C1-538AF7160D41}.Release|Any CPU.ActiveCfg = Release|Any CPU
		{60EE279F-BB22-4685-A5C1-538AF7160D41}.Release|Any CPU.Build.0 = Release|Any CPU
	EndGlobalSection
	GlobalSection(SolutionProperties) = preSolution
		HideSolutionNode = FALSE
	EndGlobalSection
	GlobalSection(ExtensibilityGlobals) = postSolution
		SolutionGuid = {4785AE0C-088E-4343-954B-C2C385064316}
	EndGlobalSection
EndGlobal
